{
  "name": "qieyun-examples",
  "version": "20220801.0.0",
  "lockfileVersion": 2,
  "requires": true,
  "packages": {
    "": {
      "name": "qieyun-examples",
      "version": "20220801.0.0",
      "license": "CC0-1.0",
      "dependencies": {
        "qieyun": "^0.13.0"
      }
    },
    "node_modules/qieyun": {
      "version": "0.13.4",
      "resolved": "https://registry.npmjs.org/qieyun/-/qieyun-0.13.4.tgz",
      "integrity": "sha512-x5l7YBoy5IwfIY7RR+MEMg1kSNOix6EhgLxI72yks3K+/Iyl0GhdYf3Nlk2ix6MGgPCzFKcLPoxbP16lXvzVyA==",
      "engines": {
        "node": ">=12"
      }
    }
  },
  "dependencies": {
    "qieyun": {
      "version": "0.13.4",
      "resolved": "https://registry.npmjs.org/qieyun/-/qieyun-0.13.4.tgz",
      "integrity": "sha512-x5l7YBoy5IwfIY7RR+MEMg1kSNOix6EhgLxI72yks3K+/Iyl0GhdYf3Nlk2ix6MGgPCzFKcLPoxbP16lXvzVyA=="
    }
  }
}
