{
  "name": "qieyun-examples",
  "version": "20220407.0.0",
  "lockfileVersion": 2,
  "requires": true,
  "packages": {
    "": {
      "name": "qieyun-examples",
      "version": "20220407.0.0",
      "license": "CC0-1.0",
      "dependencies": {
        "qieyun": "syimyuzya/qieyun-js#dist-dev"
      }
    },
    "node_modules/qieyun": {
      "version": "0.12.5",
      "resolved": "git+ssh://git@github.com/syimyuzya/qieyun-js.git#f5b5966d4998e2ac908272c6113cbea64f395f1a",
      "license": "CC0-1.0",
      "engines": {
        "node": ">=10"
      }
    }
  },
  "dependencies": {
    "qieyun": {
      "version": "git+ssh://git@github.com/syimyuzya/qieyun-js.git#f5b5966d4998e2ac908272c6113cbea64f395f1a",
      "from": "qieyun@syimyuzya/qieyun-js#dist-dev"
    }
  }
}
